
Microsoft Visual Studio Solution File, Format Version 12.00
# Visual Studio 15
Project("{FAE04EC0-301F-11D3-BF4B-00C04F79EFBC}") = "AstarPathfindingProject", "AstarPathfindingProject.csproj", "{8F8FC6F6-F7C7-18F6-581D-9AA949BD9540}"
EndProject
Project("{FAE04EC0-301F-11D3-BF4B-00C04F79EFBC}") = "Assembly-CSharp", "Assembly-CSharp.csproj", "{D21A7A22-0B50-0E8C-FA3E-9AE1920C1642}"
EndProject
Project("{FAE04EC0-301F-11D3-BF4B-00C04F79EFBC}") = "AstarPathfindingProjectEditor", "AstarPathfindingProjectEditor.csproj", "{B92E19C5-FE67-72E8-8FFF-97DD86B686BC}"
EndProject
Project("{FAE04EC0-301F-11D3-BF4B-00C04F79EFBC}") = "PackageToolsEditor", "PackageToolsEditor.csproj", "{7ED9526F-D6A5-F76D-CB7A-FF5C8A945575}"
EndProject
Global
	GlobalSection(SolutionConfigurationPlatforms) = preSolution
		Debug|Any CPU = Debug|Any CPU
		Release|Any CPU = Release|Any CPU
	EndGlobalSection
	GlobalSection(ProjectConfigurationPlatforms) = postSolution
		{8F8FC6F6-F7C7-18F6-581D-9AA949BD9540}.Debug|Any CPU.ActiveCfg = Debug|Any CPU
		{8F8FC6F6-F7C7-18F6-581D-9AA949BD9540}.Debug|Any CPU.Build.0 = Debug|Any CPU
		{8F8FC6F6-F7C7-18F6-581D-9AA949BD9540}.Release|Any CPU.ActiveCfg = Release|Any CPU
		{8F8FC6F6-F7C7-18F6-581D-9AA949BD9540}.Release|Any CPU.Build.0 = Release|Any CPU
		{D21A7A22-0B50-0E8C-FA3E-9AE1920C1642}.Debug|Any CPU.ActiveCfg = Debug|Any CPU
		{D21A7A22-0B50-0E8C-FA3E-9AE1920C1642}.Debug|Any CPU.Build.0 = Debug|Any CPU
		{D21A7A22-0B50-0E8C-FA3E-9AE1920C1642}.Release|Any CPU.ActiveCfg = Release|Any CPU
		{D21A7A22-0B50-0E8C-FA3E-9AE1920C1642}.Release|Any CPU.Build.0 = Release|Any CPU
		{B92E19C5-FE67-72E8-8FFF-97DD86B686BC}.Debug|Any CPU.ActiveCfg = Debug|Any CPU
		{B92E19C5-FE67-72E8-8FFF-97DD86B686BC}.Debug|Any CPU.Build.0 = Debug|Any CPU
		{B92E19C5-FE67-72E8-8FFF-97DD86B686BC}.Release|Any CPU.ActiveCfg = Release|Any CPU
		{B92E19C5-FE67-72E8-8FFF-97DD86B686BC}.Release|Any CPU.Build.0 = Release|Any CPU
		{7ED9526F-D6A5-F76D-CB7A-FF5C8A945575}.Debug|Any CPU.ActiveCfg = Debug|Any CPU
		{7ED9526F-D6A5-F76D-CB7A-FF5C8A945575}.Debug|Any CPU.Build.0 = Debug|Any CPU
		{7ED9526F-D6A5-F76D-CB7A-FF5C8A945575}.Release|Any CPU.ActiveCfg = Release|Any CPU
		{7ED9526F-D6A5-F76D-CB7A-FF5C8A945575}.Release|Any CPU.Build.0 = Release|Any CPU
	EndGlobalSection
	GlobalSection(SolutionProperties) = preSolution
		HideSolutionNode = FALSE
	EndGlobalSection
	GlobalSection(MonoDevelopProperties) = preSolution
		StartupItem = Assembly-CSharp.csproj
	EndGlobalSection
EndGlobal
